# Don't appear in calendar topbar menu without new session

- name: "Gnome > Config > Clock: Set world clocks"
  become: true
  become_user: "{{ profileUsername }}"
  community.general.dconf:
    key: "/org/gnome/clocks/world-clocks"
    state: present
    value: "[
      {'location': <(uint32 2, <('Leipzig', 'EDDP', true, [(0.89739012955151531, 0.21351193934287546)], [(0.89535390627309097, 0.21525726859486979)])>)>},
      {'location': <(uint32 2, <('Montreal', 'CYUL', true, [(0.79354303905785273, -1.2871803233458181)], [(0.79354303905785273, -1.2871803233458181)])>)>},
      {'location': <(uint32 2, <('Oxford', 'EGTK', true, [(0.90465476585696891, -0.022965042297741389)], [(0.90324279449210554, -0.021951006002332681)])>)>},
      {'location': <(uint32 2, <('Trieste', 'LIVT', true, [(0.79674280353541149, 0.23998277214922031)], [(0.79671856091210125, 0.24050637092481861)])>)>}
      ]"
  tags: ["system", "gnome-clocks", "gnome"]
